
Microsoft Visual Studio Solution File, Format Version 12.00
# Visual Studio 15
VisualStudioVersion = 15.0.27906.1
MinimumVisualStudioVersion = 10.0.40219.1
Project("{9A19103F-16F7-4668-BE54-9A1E7A4F7556}") = "fabiocostateste", "fabiocostateste.csproj", "{A4022D0F-D868-4F79-A849-3BDF536254E5}"
EndProject
Project("{9A19103F-16F7-4668-BE54-9A1E7A4F7556}") = "fabiocostateste.EF", "..\fabiocostateste.EF\fabiocostateste.EF.csproj", "{7E11BE14-8A53-4819-9CED-2853EFD31156}"
EndProject
Project("{9A19103F-16F7-4668-BE54-9A1E7A4F7556}") = "fabiocostateste.business", "..\fabiocostateste.business\fabiocostateste.business.csproj", "{59034868-3F38-4B36-9574-13C2EA263D3A}"
EndProject
Global
	GlobalSection(SolutionConfigurationPlatforms) = preSolution
		Debug|Any CPU = Debug|Any CPU
		Release|Any CPU = Release|Any CPU
	EndGlobalSection
	GlobalSection(ProjectConfigurationPlatforms) = postSolution
		{A4022D0F-D868-4F79-A849-3BDF536254E5}.Debug|Any CPU.ActiveCfg = Debug|Any CPU
		{A4022D0F-D868-4F79-A849-3BDF536254E5}.Debug|Any CPU.Build.0 = Debug|Any CPU
		{A4022D0F-D868-4F79-A849-3BDF536254E5}.Release|Any CPU.ActiveCfg = Release|Any CPU
		{A4022D0F-D868-4F79-A849-3BDF536254E5}.Release|Any CPU.Build.0 = Release|Any CPU
		{7E11BE14-8A53-4819-9CED-2853EFD31156}.Debug|Any CPU.ActiveCfg = Debug|Any CPU
		{7E11BE14-8A53-4819-9CED-2853EFD31156}.Debug|Any CPU.Build.0 = Debug|Any CPU
		{7E11BE14-8A53-4819-9CED-2853EFD31156}.Release|Any CPU.ActiveCfg = Release|Any CPU
		{7E11BE14-8A53-4819-9CED-2853EFD31156}.Release|Any CPU.Build.0 = Release|Any CPU
		{59034868-3F38-4B36-9574-13C2EA263D3A}.Debug|Any CPU.ActiveCfg = Debug|Any CPU
		{59034868-3F38-4B36-9574-13C2EA263D3A}.Debug|Any CPU.Build.0 = Debug|Any CPU
		{59034868-3F38-4B36-9574-13C2EA263D3A}.Release|Any CPU.ActiveCfg = Release|Any CPU
		{59034868-3F38-4B36-9574-13C2EA263D3A}.Release|Any CPU.Build.0 = Release|Any CPU
	EndGlobalSection
	GlobalSection(SolutionProperties) = preSolution
		HideSolutionNode = FALSE
	EndGlobalSection
	GlobalSection(ExtensibilityGlobals) = postSolution
		SolutionGuid = {F5C94504-D90E-44A5-9E83-A0B04487F202}
	EndGlobalSection
EndGlobal
